
Microsoft Visual Studio Solution File, Format Version 12.00
# Visual Studio Version 17
VisualStudioVersion = 17.5.33516.290
MinimumVisualStudioVersion = 10.0.40219.1
Project("{9A19103F-16F7-4668-BE54-9A1E7A4F7556}") = "RegisterAPI.API", "RegisterAPI\RegisterAPI.API.csproj", "{5C3A8E00-1D89-42C1-8DF5-0B3BA8CB3252}"
EndProject
Project("{2150E333-8FDC-42A3-9474-1A3956D46DE8}") = "API", "API", "{3D4064C6-0138-45E6-A9D4-61E7E0EC80C1}"
EndProject
Project("{9A19103F-16F7-4668-BE54-9A1E7A4F7556}") = "RegisterAPI.Model", "RegisterAPI.Model\RegisterAPI.Model.csproj", "{73F8C052-7E95-42B0-8C88-C4119279FBA4}"
EndProject
Project("{2150E333-8FDC-42A3-9474-1A3956D46DE8}") = "App", "App", "{42000265-7935-4A71-94DA-1E5130100B14}"
EndProject
Project("{9A19103F-16F7-4668-BE54-9A1E7A4F7556}") = "RegisterAPI.Application", "RegisterAPI.Application\RegisterAPI.Application.csproj", "{753BE343-3CF4-454B-83AA-121656798D26}"
EndProject
Project("{2150E333-8FDC-42A3-9474-1A3956D46DE8}") = "Core", "Core", "{A0730E12-E5F9-4A2A-B4AF-8F31C3DD238C}"
EndProject
Project("{2150E333-8FDC-42A3-9474-1A3956D46DE8}") = "CrossCutting", "CrossCutting", "{56D7E8C8-D461-46FB-94AF-D81781FF5425}"
EndProject
Project("{9A19103F-16F7-4668-BE54-9A1E7A4F7556}") = "RegisterAPI.CrossCutting.Mapper", "RegisterAPI.CrossCutting.Mapper\RegisterAPI.CrossCutting.Mapper.csproj", "{F36E38BE-14C5-4A6C-ADB0-5613E01445B1}"
EndProject
Project("{9A19103F-16F7-4668-BE54-9A1E7A4F7556}") = "RegisterAPI.Entity", "RegisterAPI.Entity\RegisterAPI.Entity.csproj", "{54FFB793-4EFC-4420-BF53-20300062DF65}"
EndProject
Project("{9A19103F-16F7-4668-BE54-9A1E7A4F7556}") = "RegisterAPI.Repository", "RegisterAPI.Repository\RegisterAPI.Repository.csproj", "{55F8BCE3-A716-4374-93B7-94A665EC7F19}"
EndProject
Project("{9A19103F-16F7-4668-BE54-9A1E7A4F7556}") = "RegisterAPI.Service", "RegisterAPI.Service\RegisterAPI.Service.csproj", "{F7F6D13E-3D76-44C5-8FFB-CD9994F882F9}"
EndProject
Project("{9A19103F-16F7-4668-BE54-9A1E7A4F7556}") = "RegisterAPI.CrossCutting.ExternalService", "RegisterAPI.CrossCutting.ExternalService\RegisterAPI.CrossCutting.ExternalService.csproj", "{A3F48828-6CA0-44D1-A340-2D030A3C3CDA}"
EndProject
Project("{9A19103F-16F7-4668-BE54-9A1E7A4F7556}") = "RegisterAPI.CrossCutting.QueueService", "RegisterAPI.CrossCutting.QueueService\RegisterAPI.CrossCutting.QueueService.csproj", "{374FF1A2-3FED-4064-95F2-0BE113EB9581}"
EndProject
Global
	GlobalSection(SolutionConfigurationPlatforms) = preSolution
		Debug|Any CPU = Debug|Any CPU
		Release|Any CPU = Release|Any CPU
	EndGlobalSection
	GlobalSection(ProjectConfigurationPlatforms) = postSolution
		{5C3A8E00-1D89-42C1-8DF5-0B3BA8CB3252}.Debug|Any CPU.ActiveCfg = Debug|Any CPU
		{5C3A8E00-1D89-42C1-8DF5-0B3BA8CB3252}.Debug|Any CPU.Build.0 = Debug|Any CPU
		{5C3A8E00-1D89-42C1-8DF5-0B3BA8CB3252}.Release|Any CPU.ActiveCfg = Release|Any CPU
		{5C3A8E00-1D89-42C1-8DF5-0B3BA8CB3252}.Release|Any CPU.Build.0 = Release|Any CPU
		{73F8C052-7E95-42B0-8C88-C4119279FBA4}.Debug|Any CPU.ActiveCfg = Debug|Any CPU
		{73F8C052-7E95-42B0-8C88-C4119279FBA4}.Debug|Any CPU.Build.0 = Debug|Any CPU
		{73F8C052-7E95-42B0-8C88-C4119279FBA4}.Release|Any CPU.ActiveCfg = Release|Any CPU
		{73F8C052-7E95-42B0-8C88-C4119279FBA4}.Release|Any CPU.Build.0 = Release|Any CPU
		{753BE343-3CF4-454B-83AA-121656798D26}.Debug|Any CPU.ActiveCfg = Debug|Any CPU
		{753BE343-3CF4-454B-83AA-121656798D26}.Debug|Any CPU.Build.0 = Debug|Any CPU
		{753BE343-3CF4-454B-83AA-121656798D26}.Release|Any CPU.ActiveCfg = Release|Any CPU
		{753BE343-3CF4-454B-83AA-121656798D26}.Release|Any CPU.Build.0 = Release|Any CPU
		{F36E38BE-14C5-4A6C-ADB0-5613E01445B1}.Debug|Any CPU.ActiveCfg = Debug|Any CPU
		{F36E38BE-14C5-4A6C-ADB0-5613E01445B1}.Debug|Any CPU.Build.0 = Debug|Any CPU
		{F36E38BE-14C5-4A6C-ADB0-5613E01445B1}.Release|Any CPU.ActiveCfg = Release|Any CPU
		{F36E38BE-14C5-4A6C-ADB0-5613E01445B1}.Release|Any CPU.Build.0 = Release|Any CPU
		{54FFB793-4EFC-4420-BF53-20300062DF65}.Debug|Any CPU.ActiveCfg = Debug|Any CPU
		{54FFB793-4EFC-4420-BF53-20300062DF65}.Debug|Any CPU.Build.0 = Debug|Any CPU
		{54FFB793-4EFC-4420-BF53-20300062DF65}.Release|Any CPU.ActiveCfg = Release|Any CPU
		{54FFB793-4EFC-4420-BF53-20300062DF65}.Release|Any CPU.Build.0 = Release|Any CPU
		{55F8BCE3-A716-4374-93B7-94A665EC7F19}.Debug|Any CPU.ActiveCfg = Debug|Any CPU
		{55F8BCE3-A716-4374-93B7-94A665EC7F19}.Debug|Any CPU.Build.0 = Debug|Any CPU
		{55F8BCE3-A716-4374-93B7-94A665EC7F19}.Release|Any CPU.ActiveCfg = Release|Any CPU
		{55F8BCE3-A716-4374-93B7-94A665EC7F19}.Release|Any CPU.Build.0 = Release|Any CPU
		{F7F6D13E-3D76-44C5-8FFB-CD9994F882F9}.Debug|Any CPU.ActiveCfg = Debug|Any CPU
		{F7F6D13E-3D76-44C5-8FFB-CD9994F882F9}.Debug|Any CPU.Build.0 = Debug|Any CPU
		{F7F6D13E-3D76-44C5-8FFB-CD9994F882F9}.Release|Any CPU.ActiveCfg = Release|Any CPU
		{F7F6D13E-3D76-44C5-8FFB-CD9994F882F9}.Release|Any CPU.Build.0 = Release|Any CPU
		{A3F48828-6CA0-44D1-A340-2D030A3C3CDA}.Debug|Any CPU.ActiveCfg = Debug|Any CPU
		{A3F48828-6CA0-44D1-A340-2D030A3C3CDA}.Debug|Any CPU.Build.0 = Debug|Any CPU
		{A3F48828-6CA0-44D1-A340-2D030A3C3CDA}.Release|Any CPU.ActiveCfg = Release|Any CPU
		{A3F48828-6CA0-44D1-A340-2D030A3C3CDA}.Release|Any CPU.Build.0 = Release|Any CPU
		{374FF1A2-3FED-4064-95F2-0BE113EB9581}.Debug|Any CPU.ActiveCfg = Debug|Any CPU
		{374FF1A2-3FED-4064-95F2-0BE113EB9581}.Debug|Any CPU.Build.0 = Debug|Any CPU
		{374FF1A2-3FED-4064-95F2-0BE113EB9581}.Release|Any CPU.ActiveCfg = Release|Any CPU
		{374FF1A2-3FED-4064-95F2-0BE113EB9581}.Release|Any CPU.Build.0 = Release|Any CPU
	EndGlobalSection
	GlobalSection(SolutionProperties) = preSolution
		HideSolutionNode = FALSE
	EndGlobalSection
	GlobalSection(NestedProjects) = preSolution
		{5C3A8E00-1D89-42C1-8DF5-0B3BA8CB3252} = {3D4064C6-0138-45E6-A9D4-61E7E0EC80C1}
		{73F8C052-7E95-42B0-8C88-C4119279FBA4} = {3D4064C6-0138-45E6-A9D4-61E7E0EC80C1}
		{753BE343-3CF4-454B-83AA-121656798D26} = {42000265-7935-4A71-94DA-1E5130100B14}
		{56D7E8C8-D461-46FB-94AF-D81781FF5425} = {A0730E12-E5F9-4A2A-B4AF-8F31C3DD238C}
		{F36E38BE-14C5-4A6C-ADB0-5613E01445B1} = {56D7E8C8-D461-46FB-94AF-D81781FF5425}
		{54FFB793-4EFC-4420-BF53-20300062DF65} = {A0730E12-E5F9-4A2A-B4AF-8F31C3DD238C}
		{55F8BCE3-A716-4374-93B7-94A665EC7F19} = {A0730E12-E5F9-4A2A-B4AF-8F31C3DD238C}
		{F7F6D13E-3D76-44C5-8FFB-CD9994F882F9} = {A0730E12-E5F9-4A2A-B4AF-8F31C3DD238C}
		{A3F48828-6CA0-44D1-A340-2D030A3C3CDA} = {56D7E8C8-D461-46FB-94AF-D81781FF5425}
		{374FF1A2-3FED-4064-95F2-0BE113EB9581} = {56D7E8C8-D461-46FB-94AF-D81781FF5425}
	EndGlobalSection
	GlobalSection(ExtensibilityGlobals) = postSolution
		SolutionGuid = {BC784F1B-2FE6-440A-9E21-02BFC3F9474D}
	EndGlobalSection
EndGlobal
